
Microsoft Visual Studio Solution File, Format Version 12.00
# Visual Studio 15
VisualStudioVersion = 15.0.27703.2026
MinimumVisualStudioVersion = 10.0.40219.1
Project("{FAE04EC0-301F-11D3-BF4B-00C04F79EFBC}") = "GAT", "GAT\GAT.csproj", "{DE63D758-8F68-4327-9848-B93D2A51F03A}"
EndProject
Global
	GlobalSection(SolutionConfigurationPlatforms) = preSolution
		Debug|Any CPU = Debug|Any CPU
		Release|Any CPU = Release|Any CPU
	EndGlobalSection
	GlobalSection(ProjectConfigurationPlatforms) = postSolution
		{DE63D758-8F68-4327-9848-B93D2A51F03A}.Debug|Any CPU.ActiveCfg = Debug|Any CPU
		{DE63D758-8F68-4327-9848-B93D2A51F03A}.Debug|Any CPU.Build.0 = Debug|Any CPU
		{DE63D758-8F68-4327-9848-B93D2A51F03A}.Release|Any CPU.ActiveCfg = Release|Any CPU
		{DE63D758-8F68-4327-9848-B93D2A51F03A}.Release|Any CPU.Build.0 = Release|Any CPU
	EndGlobalSection
	GlobalSection(SolutionProperties) = preSolution
		HideSolutionNode = FALSE
	EndGlobalSection
	GlobalSection(ExtensibilityGlobals) = postSolution
		SolutionGuid = {A0769430-DD98-45D3-A71A-E6C6B9D9175D}
	EndGlobalSection
EndGlobal
